
Microsoft Visual Studio Solution File, Format Version 12.00
# Visual Studio Version 16
VisualStudioVersion = 16.0.32002.261
MinimumVisualStudioVersion = 10.0.40219.1
Project("{FAE04EC0-301F-11D3-BF4B-00C04F79EFBC}") = "ModelLib", "ModelLib\ModelLib.csproj", "{07DEFC06-B267-457C-8FF7-2EFE60BD7EF5}"
EndProject
Project("{FAE04EC0-301F-11D3-BF4B-00C04F79EFBC}") = "PersonTest", "PersonTest\PersonTest.csproj", "{D8CCB034-50F2-45C2-BC1E-DC019BC87806}"
EndProject
Global
	GlobalSection(SolutionConfigurationPlatforms) = preSolution
		Debug|Any CPU = Debug|Any CPU
		Release|Any CPU = Release|Any CPU
	EndGlobalSection
	GlobalSection(ProjectConfigurationPlatforms) = postSolution
		{07DEFC06-B267-457C-8FF7-2EFE60BD7EF5}.Debug|Any CPU.ActiveCfg = Debug|Any CPU
		{07DEFC06-B267-457C-8FF7-2EFE60BD7EF5}.Debug|Any CPU.Build.0 = Debug|Any CPU
		{07DEFC06-B267-457C-8FF7-2EFE60BD7EF5}.Release|Any CPU.ActiveCfg = Release|Any CPU
		{07DEFC06-B267-457C-8FF7-2EFE60BD7EF5}.Release|Any CPU.Build.0 = Release|Any CPU
		{D8CCB034-50F2-45C2-BC1E-DC019BC87806}.Debug|Any CPU.ActiveCfg = Debug|Any CPU
		{D8CCB034-50F2-45C2-BC1E-DC019BC87806}.Debug|Any CPU.Build.0 = Debug|Any CPU
		{D8CCB034-50F2-45C2-BC1E-DC019BC87806}.Release|Any CPU.ActiveCfg = Release|Any CPU
		{D8CCB034-50F2-45C2-BC1E-DC019BC87806}.Release|Any CPU.Build.0 = Release|Any CPU
	EndGlobalSection
	GlobalSection(SolutionProperties) = preSolution
		HideSolutionNode = FALSE
	EndGlobalSection
	GlobalSection(ExtensibilityGlobals) = postSolution
		SolutionGuid = {FD331D1E-E9B4-4698-ADFC-7BBEC7CE1497}
	EndGlobalSection
EndGlobal
